
Microsoft Visual Studio Solution File, Format Version 12.00
# Visual Studio 2013
VisualStudioVersion = 12.0.31101.0
MinimumVisualStudioVersion = 10.0.40219.1
Project("{FAE04EC0-301F-11D3-BF4B-00C04F79EFBC}") = "Learnings.DotNet.Web", "Learnings.DotNet.Web\Learnings.DotNet.Web.csproj", "{3B322985-A291-4A49-A3EA-7FE3537FB042}"
EndProject
Project("{FAE04EC0-301F-11D3-BF4B-00C04F79EFBC}") = "Learnings.DotNet.MvcAuth", "Learnings.DotNet.MvcAuth\Learnings.DotNet.MvcAuth.csproj", "{96FEA777-1219-4C65-BF4C-59C1CB679941}"
EndProject
Global
	GlobalSection(SolutionConfigurationPlatforms) = preSolution
		Debug|Any CPU = Debug|Any CPU
		Release|Any CPU = Release|Any CPU
	EndGlobalSection
	GlobalSection(ProjectConfigurationPlatforms) = postSolution
		{3B322985-A291-4A49-A3EA-7FE3537FB042}.Debug|Any CPU.ActiveCfg = Debug|Any CPU
		{3B322985-A291-4A49-A3EA-7FE3537FB042}.Debug|Any CPU.Build.0 = Debug|Any CPU
		{3B322985-A291-4A49-A3EA-7FE3537FB042}.Release|Any CPU.ActiveCfg = Release|Any CPU
		{3B322985-A291-4A49-A3EA-7FE3537FB042}.Release|Any CPU.Build.0 = Release|Any CPU
		{96FEA777-1219-4C65-BF4C-59C1CB679941}.Debug|Any CPU.ActiveCfg = Debug|Any CPU
		{96FEA777-1219-4C65-BF4C-59C1CB679941}.Debug|Any CPU.Build.0 = Debug|Any CPU
		{96FEA777-1219-4C65-BF4C-59C1CB679941}.Release|Any CPU.ActiveCfg = Release|Any CPU
		{96FEA777-1219-4C65-BF4C-59C1CB679941}.Release|Any CPU.Build.0 = Release|Any CPU
	EndGlobalSection
	GlobalSection(SolutionProperties) = preSolution
		HideSolutionNode = FALSE
	EndGlobalSection
EndGlobal
